
Microsoft Visual Studio Solution File, Format Version 12.00
# Visual Studio Version 17
VisualStudioVersion = 17.0.32112.339
MinimumVisualStudioVersion = 10.0.40219.1
Project("{2150E333-8FDC-42A3-9474-1A3956D46DE8}") = "src", "src", "{E1A3B9F8-4103-4044-833D-2FB608AC3DA7}"
EndProject
Project("{9A19103F-16F7-4668-BE54-9A1E7A4F7556}") = "BunkerGame.Domain", "src\BunkerGame.Domain\BunkerGame.Domain.csproj", "{ADB6DDA4-6E27-40F5-8358-AA5AABF3F14F}"
EndProject
Project("{9A19103F-16F7-4668-BE54-9A1E7A4F7556}") = "BunkerGame.Infrastructure", "src\BunkerGame.Infrastructure\BunkerGame.Infrastructure.csproj", "{98327DBD-5E8D-4C33-B7C9-A58E289352A6}"
EndProject
Project("{9A19103F-16F7-4668-BE54-9A1E7A4F7556}") = "BunkerGame.Tests", "src\BunkerGame.Tests\BunkerGame.Tests.csproj", "{35417A31-47C4-4148-8C2D-E9964A0AE6B8}"
EndProject
Project("{9A19103F-16F7-4668-BE54-9A1E7A4F7556}") = "BunkerGame.Application", "src\BunkerGame.Application\BunkerGame.Application.csproj", "{77EE715A-A3C5-4AE4-A4BE-C10C37303178}"
EndProject
Project("{9A19103F-16F7-4668-BE54-9A1E7A4F7556}") = "BunkerGame.VkApi", "src\BunkerGame.VkApi\BunkerGame.VkApi.csproj", "{3F176CFF-232B-4AB6-A428-62A3D5738BC3}"
EndProject
Project("{FAE04EC0-301F-11D3-BF4B-00C04F79EFBC}") = "BunkerGame.BenchmarkTests", "src\BunkerGame.BenchmarkTests\BunkerGame.BenchmarkTests.csproj", "{1E218B9F-ED81-409B-970D-E2CC52008F89}"
EndProject
Global
	GlobalSection(SolutionConfigurationPlatforms) = preSolution
		Debug|Any CPU = Debug|Any CPU
		Release|Any CPU = Release|Any CPU
	EndGlobalSection
	GlobalSection(ProjectConfigurationPlatforms) = postSolution
		{ADB6DDA4-6E27-40F5-8358-AA5AABF3F14F}.Debug|Any CPU.ActiveCfg = Debug|Any CPU
		{ADB6DDA4-6E27-40F5-8358-AA5AABF3F14F}.Debug|Any CPU.Build.0 = Debug|Any CPU
		{ADB6DDA4-6E27-40F5-8358-AA5AABF3F14F}.Release|Any CPU.ActiveCfg = Release|Any CPU
		{ADB6DDA4-6E27-40F5-8358-AA5AABF3F14F}.Release|Any CPU.Build.0 = Release|Any CPU
		{98327DBD-5E8D-4C33-B7C9-A58E289352A6}.Debug|Any CPU.ActiveCfg = Debug|Any CPU
		{98327DBD-5E8D-4C33-B7C9-A58E289352A6}.Debug|Any CPU.Build.0 = Debug|Any CPU
		{98327DBD-5E8D-4C33-B7C9-A58E289352A6}.Release|Any CPU.ActiveCfg = Release|Any CPU
		{98327DBD-5E8D-4C33-B7C9-A58E289352A6}.Release|Any CPU.Build.0 = Release|Any CPU
		{35417A31-47C4-4148-8C2D-E9964A0AE6B8}.Debug|Any CPU.ActiveCfg = Debug|Any CPU
		{35417A31-47C4-4148-8C2D-E9964A0AE6B8}.Debug|Any CPU.Build.0 = Debug|Any CPU
		{35417A31-47C4-4148-8C2D-E9964A0AE6B8}.Release|Any CPU.ActiveCfg = Release|Any CPU
		{35417A31-47C4-4148-8C2D-E9964A0AE6B8}.Release|Any CPU.Build.0 = Release|Any CPU
		{77EE715A-A3C5-4AE4-A4BE-C10C37303178}.Debug|Any CPU.ActiveCfg = Debug|Any CPU
		{77EE715A-A3C5-4AE4-A4BE-C10C37303178}.Debug|Any CPU.Build.0 = Debug|Any CPU
		{77EE715A-A3C5-4AE4-A4BE-C10C37303178}.Release|Any CPU.ActiveCfg = Release|Any CPU
		{77EE715A-A3C5-4AE4-A4BE-C10C37303178}.Release|Any CPU.Build.0 = Release|Any CPU
		{3F176CFF-232B-4AB6-A428-62A3D5738BC3}.Debug|Any CPU.ActiveCfg = Debug|Any CPU
		{3F176CFF-232B-4AB6-A428-62A3D5738BC3}.Debug|Any CPU.Build.0 = Debug|Any CPU
		{3F176CFF-232B-4AB6-A428-62A3D5738BC3}.Release|Any CPU.ActiveCfg = Release|Any CPU
		{3F176CFF-232B-4AB6-A428-62A3D5738BC3}.Release|Any CPU.Build.0 = Release|Any CPU
		{1E218B9F-ED81-409B-970D-E2CC52008F89}.Debug|Any CPU.ActiveCfg = Debug|Any CPU
		{1E218B9F-ED81-409B-970D-E2CC52008F89}.Debug|Any CPU.Build.0 = Debug|Any CPU
		{1E218B9F-ED81-409B-970D-E2CC52008F89}.Release|Any CPU.ActiveCfg = Release|Any CPU
		{1E218B9F-ED81-409B-970D-E2CC52008F89}.Release|Any CPU.Build.0 = Release|Any CPU
	EndGlobalSection
	GlobalSection(SolutionProperties) = preSolution
		HideSolutionNode = FALSE
	EndGlobalSection
	GlobalSection(NestedProjects) = preSolution
		{ADB6DDA4-6E27-40F5-8358-AA5AABF3F14F} = {E1A3B9F8-4103-4044-833D-2FB608AC3DA7}
		{98327DBD-5E8D-4C33-B7C9-A58E289352A6} = {E1A3B9F8-4103-4044-833D-2FB608AC3DA7}
		{35417A31-47C4-4148-8C2D-E9964A0AE6B8} = {E1A3B9F8-4103-4044-833D-2FB608AC3DA7}
		{77EE715A-A3C5-4AE4-A4BE-C10C37303178} = {E1A3B9F8-4103-4044-833D-2FB608AC3DA7}
		{3F176CFF-232B-4AB6-A428-62A3D5738BC3} = {E1A3B9F8-4103-4044-833D-2FB608AC3DA7}
		{1E218B9F-ED81-409B-970D-E2CC52008F89} = {E1A3B9F8-4103-4044-833D-2FB608AC3DA7}
	EndGlobalSection
	GlobalSection(ExtensibilityGlobals) = postSolution
		SolutionGuid = {D716A179-1500-48F5-B9F7-37C2CDDF65A3}
	EndGlobalSection
EndGlobal
