
Microsoft Visual Studio Solution File, Format Version 12.00
# Visual Studio Version 17
VisualStudioVersion = 17.0.32112.339
MinimumVisualStudioVersion = 10.0.40219.1
Project("{2150E333-8FDC-42A3-9474-1A3956D46DE8}") = "src", "src", "{E1A3B9F8-4103-4044-833D-2FB608AC3DA7}"
EndProject
Project("{9A19103F-16F7-4668-BE54-9A1E7A4F7556}") = "BunkerGame.Domain", "src\BunkerGame.Domain\BunkerGame.Domain.csproj", "{ADB6DDA4-6E27-40F5-8358-AA5AABF3F14F}"
EndProject
Project("{9A19103F-16F7-4668-BE54-9A1E7A4F7556}") = "BunkerGame.Tests", "src\BunkerGame.Tests\BunkerGame.Tests.csproj", "{35417A31-47C4-4148-8C2D-E9964A0AE6B8}"
EndProject
Project("{9A19103F-16F7-4668-BE54-9A1E7A4F7556}") = "BunkerGame.VkApi", "src\BunkerGame.VkApi\BunkerGame.VkApi.csproj", "{3F176CFF-232B-4AB6-A428-62A3D5738BC3}"
EndProject
Project("{9A19103F-16F7-4668-BE54-9A1E7A4F7556}") = "BunkerGame.Framework", "src\BunkerGame.Framework\BunkerGame.Framework.csproj", "{59EDBFE1-E7F5-477B-A212-E8D073D9A8A5}"
EndProject
Project("{9A19103F-16F7-4668-BE54-9A1E7A4F7556}") = "BunkerGame.GameTypes", "src\BunkerGame.GameTypes\BunkerGame.GameTypes.csproj", "{26475BA5-10D6-4399-9BBC-03FD57BD179B}"
EndProject
Project("{9A19103F-16F7-4668-BE54-9A1E7A4F7556}") = "BunkerGameComponents.Domain", "src\BunkerGameComponents.Domain\BunkerGameComponents.Domain.csproj", "{43C81099-83CB-4EE9-BCF1-D7EF73C16878}"
EndProject
Project("{9A19103F-16F7-4668-BE54-9A1E7A4F7556}") = "BunkerGameComponents.Infrastructure", "src\BunkerGameComponents.Infrastructure\BunkerGameComponents.Infrastructure.csproj", "{D44EB8AC-1FB9-42A3-ABB3-83F34F618454}"
EndProject
Project("{FAE04EC0-301F-11D3-BF4B-00C04F79EFBC}") = "BunkerGame.VkApi.IntegrationTests", "src\BunkerGame.VkApi.IntegrationTests\BunkerGame.VkApi.IntegrationTests.csproj", "{3D0D1BC2-442F-466D-9189-197D42394C87}"
EndProject
Global
	GlobalSection(SolutionConfigurationPlatforms) = preSolution
		Debug|Any CPU = Debug|Any CPU
		Release|Any CPU = Release|Any CPU
	EndGlobalSection
	GlobalSection(ProjectConfigurationPlatforms) = postSolution
		{ADB6DDA4-6E27-40F5-8358-AA5AABF3F14F}.Debug|Any CPU.ActiveCfg = Debug|Any CPU
		{ADB6DDA4-6E27-40F5-8358-AA5AABF3F14F}.Debug|Any CPU.Build.0 = Debug|Any CPU
		{ADB6DDA4-6E27-40F5-8358-AA5AABF3F14F}.Release|Any CPU.ActiveCfg = Release|Any CPU
		{ADB6DDA4-6E27-40F5-8358-AA5AABF3F14F}.Release|Any CPU.Build.0 = Release|Any CPU
		{35417A31-47C4-4148-8C2D-E9964A0AE6B8}.Debug|Any CPU.ActiveCfg = Debug|Any CPU
		{35417A31-47C4-4148-8C2D-E9964A0AE6B8}.Debug|Any CPU.Build.0 = Debug|Any CPU
		{35417A31-47C4-4148-8C2D-E9964A0AE6B8}.Release|Any CPU.ActiveCfg = Release|Any CPU
		{35417A31-47C4-4148-8C2D-E9964A0AE6B8}.Release|Any CPU.Build.0 = Release|Any CPU
		{3F176CFF-232B-4AB6-A428-62A3D5738BC3}.Debug|Any CPU.ActiveCfg = Debug|Any CPU
		{3F176CFF-232B-4AB6-A428-62A3D5738BC3}.Debug|Any CPU.Build.0 = Debug|Any CPU
		{3F176CFF-232B-4AB6-A428-62A3D5738BC3}.Release|Any CPU.ActiveCfg = Release|Any CPU
		{3F176CFF-232B-4AB6-A428-62A3D5738BC3}.Release|Any CPU.Build.0 = Release|Any CPU
		{59EDBFE1-E7F5-477B-A212-E8D073D9A8A5}.Debug|Any CPU.ActiveCfg = Debug|Any CPU
		{59EDBFE1-E7F5-477B-A212-E8D073D9A8A5}.Debug|Any CPU.Build.0 = Debug|Any CPU
		{59EDBFE1-E7F5-477B-A212-E8D073D9A8A5}.Release|Any CPU.ActiveCfg = Release|Any CPU
		{59EDBFE1-E7F5-477B-A212-E8D073D9A8A5}.Release|Any CPU.Build.0 = Release|Any CPU
		{26475BA5-10D6-4399-9BBC-03FD57BD179B}.Debug|Any CPU.ActiveCfg = Debug|Any CPU
		{26475BA5-10D6-4399-9BBC-03FD57BD179B}.Debug|Any CPU.Build.0 = Debug|Any CPU
		{26475BA5-10D6-4399-9BBC-03FD57BD179B}.Release|Any CPU.ActiveCfg = Release|Any CPU
		{26475BA5-10D6-4399-9BBC-03FD57BD179B}.Release|Any CPU.Build.0 = Release|Any CPU
		{43C81099-83CB-4EE9-BCF1-D7EF73C16878}.Debug|Any CPU.ActiveCfg = Debug|Any CPU
		{43C81099-83CB-4EE9-BCF1-D7EF73C16878}.Debug|Any CPU.Build.0 = Debug|Any CPU
		{43C81099-83CB-4EE9-BCF1-D7EF73C16878}.Release|Any CPU.ActiveCfg = Release|Any CPU
		{43C81099-83CB-4EE9-BCF1-D7EF73C16878}.Release|Any CPU.Build.0 = Release|Any CPU
		{D44EB8AC-1FB9-42A3-ABB3-83F34F618454}.Debug|Any CPU.ActiveCfg = Debug|Any CPU
		{D44EB8AC-1FB9-42A3-ABB3-83F34F618454}.Debug|Any CPU.Build.0 = Debug|Any CPU
		{D44EB8AC-1FB9-42A3-ABB3-83F34F618454}.Release|Any CPU.ActiveCfg = Release|Any CPU
		{D44EB8AC-1FB9-42A3-ABB3-83F34F618454}.Release|Any CPU.Build.0 = Release|Any CPU
		{3D0D1BC2-442F-466D-9189-197D42394C87}.Debug|Any CPU.ActiveCfg = Debug|Any CPU
		{3D0D1BC2-442F-466D-9189-197D42394C87}.Debug|Any CPU.Build.0 = Debug|Any CPU
		{3D0D1BC2-442F-466D-9189-197D42394C87}.Release|Any CPU.ActiveCfg = Release|Any CPU
		{3D0D1BC2-442F-466D-9189-197D42394C87}.Release|Any CPU.Build.0 = Release|Any CPU
	EndGlobalSection
	GlobalSection(SolutionProperties) = preSolution
		HideSolutionNode = FALSE
	EndGlobalSection
	GlobalSection(NestedProjects) = preSolution
		{ADB6DDA4-6E27-40F5-8358-AA5AABF3F14F} = {E1A3B9F8-4103-4044-833D-2FB608AC3DA7}
		{35417A31-47C4-4148-8C2D-E9964A0AE6B8} = {E1A3B9F8-4103-4044-833D-2FB608AC3DA7}
		{3F176CFF-232B-4AB6-A428-62A3D5738BC3} = {E1A3B9F8-4103-4044-833D-2FB608AC3DA7}
		{59EDBFE1-E7F5-477B-A212-E8D073D9A8A5} = {E1A3B9F8-4103-4044-833D-2FB608AC3DA7}
		{26475BA5-10D6-4399-9BBC-03FD57BD179B} = {E1A3B9F8-4103-4044-833D-2FB608AC3DA7}
		{43C81099-83CB-4EE9-BCF1-D7EF73C16878} = {E1A3B9F8-4103-4044-833D-2FB608AC3DA7}
		{D44EB8AC-1FB9-42A3-ABB3-83F34F618454} = {E1A3B9F8-4103-4044-833D-2FB608AC3DA7}
		{3D0D1BC2-442F-466D-9189-197D42394C87} = {E1A3B9F8-4103-4044-833D-2FB608AC3DA7}
	EndGlobalSection
	GlobalSection(ExtensibilityGlobals) = postSolution
		SolutionGuid = {D716A179-1500-48F5-B9F7-37C2CDDF65A3}
	EndGlobalSection
EndGlobal
